
Microsoft Visual Studio Solution File, Format Version 12.00
# Visual Studio Version 16
VisualStudioVersion = 16.0.31424.327
MinimumVisualStudioVersion = 10.0.40219.1
Project("{FAE04EC0-301F-11D3-BF4B-00C04F79EFBC}") = "mylaptopinvention", "mylaptopinvention\mylaptopinvention.csproj", "{31EE4C49-C91D-42A6-8534-B138B57DD87A}"
EndProject
Project("{E24C65DC-7377-472B-9ABA-BC803B73C61A}") = "myinvention", "..\..\..\Desktop\myinvention\", "{2D9DE4DC-0BEE-4EE8-B6C5-F35B7CA5FFB0}"
	ProjectSection(WebsiteProperties) = preProject
		TargetFrameworkMoniker = ".NETFramework,Version%3Dv4.0"
		Debug.AspNetCompiler.VirtualPath = "/localhost_49941"
		Debug.AspNetCompiler.PhysicalPath = "..\..\..\Desktop\myinvention\"
		Debug.AspNetCompiler.TargetPath = "PrecompiledWeb\localhost_49941\"
		Debug.AspNetCompiler.Updateable = "true"
		Debug.AspNetCompiler.ForceOverwrite = "true"
		Debug.AspNetCompiler.FixedNames = "false"
		Debug.AspNetCompiler.Debug = "True"
		Release.AspNetCompiler.VirtualPath = "/localhost_49941"
		Release.AspNetCompiler.PhysicalPath = "..\..\..\Desktop\myinvention\"
		Release.AspNetCompiler.TargetPath = "PrecompiledWeb\localhost_49941\"
		Release.AspNetCompiler.Updateable = "true"
		Release.AspNetCompiler.ForceOverwrite = "true"
		Release.AspNetCompiler.FixedNames = "false"
		Release.AspNetCompiler.Debug = "False"
		VWDPort = "49941"
	EndProjectSection
EndProject
Global
	GlobalSection(SolutionConfigurationPlatforms) = preSolution
		Debug|Any CPU = Debug|Any CPU
		Release|Any CPU = Release|Any CPU
	EndGlobalSection
	GlobalSection(ProjectConfigurationPlatforms) = postSolution
		{31EE4C49-C91D-42A6-8534-B138B57DD87A}.Debug|Any CPU.ActiveCfg = Debug|Any CPU
		{31EE4C49-C91D-42A6-8534-B138B57DD87A}.Debug|Any CPU.Build.0 = Debug|Any CPU
		{31EE4C49-C91D-42A6-8534-B138B57DD87A}.Release|Any CPU.ActiveCfg = Release|Any CPU
		{31EE4C49-C91D-42A6-8534-B138B57DD87A}.Release|Any CPU.Build.0 = Release|Any CPU
		{2D9DE4DC-0BEE-4EE8-B6C5-F35B7CA5FFB0}.Debug|Any CPU.ActiveCfg = Debug|Any CPU
		{2D9DE4DC-0BEE-4EE8-B6C5-F35B7CA5FFB0}.Debug|Any CPU.Build.0 = Debug|Any CPU
		{2D9DE4DC-0BEE-4EE8-B6C5-F35B7CA5FFB0}.Release|Any CPU.ActiveCfg = Debug|Any CPU
		{2D9DE4DC-0BEE-4EE8-B6C5-F35B7CA5FFB0}.Release|Any CPU.Build.0 = Debug|Any CPU
	EndGlobalSection
	GlobalSection(SolutionProperties) = preSolution
		HideSolutionNode = FALSE
	EndGlobalSection
	GlobalSection(ExtensibilityGlobals) = postSolution
		SolutionGuid = {3973ECCA-7808-4484-AD55-883B7036B859}
	EndGlobalSection
EndGlobal
